
Microsoft Visual Studio Solution File, Format Version 12.00
# Visual Studio Version 16
VisualStudioVersion = 16.0.32228.343
MinimumVisualStudioVersion = 10.0.40219.1
Project("{FAE04EC0-301F-11D3-BF4B-00C04F79EFBC}") = "WebASP", "WebASP\WebASP.csproj", "{DD079636-8DFA-4963-B3C0-F4308FFC24ED}"
EndProject
Global
	GlobalSection(SolutionConfigurationPlatforms) = preSolution
		Debug|Any CPU = Debug|Any CPU
		Release|Any CPU = Release|Any CPU
	EndGlobalSection
	GlobalSection(ProjectConfigurationPlatforms) = postSolution
		{DD079636-8DFA-4963-B3C0-F4308FFC24ED}.Debug|Any CPU.ActiveCfg = Debug|Any CPU
		{DD079636-8DFA-4963-B3C0-F4308FFC24ED}.Debug|Any CPU.Build.0 = Debug|Any CPU
		{DD079636-8DFA-4963-B3C0-F4308FFC24ED}.Release|Any CPU.ActiveCfg = Release|Any CPU
		{DD079636-8DFA-4963-B3C0-F4308FFC24ED}.Release|Any CPU.Build.0 = Release|Any CPU
	EndGlobalSection
	GlobalSection(SolutionProperties) = preSolution
		HideSolutionNode = FALSE
	EndGlobalSection
	GlobalSection(ExtensibilityGlobals) = postSolution
		SolutionGuid = {E9A9F667-9326-4F56-94B3-27DF4B63F63F}
	EndGlobalSection
EndGlobal
